// !$*UTF8*$!
{
	archiveVersion = 1;
	classes = {
	};
	objectVersion = 46;
	objects = {

/* Begin PBXBuildFile section */
		12C37D91F3AA5740BAFCDAA2 /* libPods.a in Frameworks */ = {isa = PBXBuildFile; fileRef = D4BBE0780348D48B612CE2FD /* libPods.a */; };
		8D4FDC121D05413D009B644A /* main.m in Sources */ = {isa = PBXBuildFile; fileRef = 8D4FDC111D05413D009B644A /* main.m */; };
		8D4FDC151D05413D009B644A /* AppDelegate.m in Sources */ = {isa = PBXBuildFile; fileRef = 8D4FDC141D05413D009B644A /* AppDelegate.m */; };
		8D4FDC181D05413D009B644A /* ViewController.m in Sources */ = {isa = PBXBuildFile; fileRef = 8D4FDC171D05413D009B644A /* ViewController.m */; };
		8D4FDC1B1D05413D009B644A /* Main.storyboard in Resources */ = {isa = PBXBuildFile; fileRef = 8D4FDC191D05413D009B644A /* Main.storyboard */; };
		8D4FDC1D1D05413D009B644A /* Assets.xcassets in Resources */ = {isa = PBXBuildFile; fileRef = 8D4FDC1C1D05413D009B644A /* Assets.xcassets */; };
		8D4FDC201D05413D009B644A /* LaunchScreen.storyboard in Resources */ = {isa = PBXBuildFile; fileRef = 8D4FDC1E1D05413D009B644A /* LaunchScreen.storyboard */; };
		8D4FDC2B1D05413D009B644A /* AmallVendorTests.m in Sources */ = {isa = PBXBuildFile; fileRef = 8D4FDC2A1D05413D009B644A /* AmallVendorTests.m */; };
		8D4FDC361D05413E009B644A /* AmallVendorUITests.m in Sources */ = {isa = PBXBuildFile; fileRef = 8D4FDC351D05413E009B644A /* AmallVendorUITests.m */; };
/* End PBXBuildFile section */

/* Begin PBXContainerItemProxy section */
		8D4FDC271D05413D009B644A /* PBXContainerItemProxy */ = {
			isa = PBXContainerItemProxy;
			containerPortal = 8D4FDC051D05413D009B644A /* Project object */;
			proxyType = 1;
			remoteGlobalIDString = 8D4FDC0C1D05413D009B644A;
			remoteInfo = AmallVendor;
		};
		8D4FDC321D05413D009B644A /* PBXContainerItemProxy */ = {
			isa = PBXContainerItemProxy;
			containerPortal = 8D4FDC051D05413D009B644A /* Project object */;
			proxyType = 1;
			remoteGlobalIDString = 8D4FDC0C1D05413D009B644A;
			remoteInfo = AmallVendor;
		};
/* End PBXContainerItemProxy section */

/* Begin PBXFileReference section */
		237E01C875DD2557506BE487 /* Pods.release.xcconfig */ = {isa = PBXFileReference; includeInIndex = 1; lastKnownFileType = text.xcconfig; name = Pods.release.xcconfig; path = "Pods/Target Support Files/Pods/Pods.release.xcconfig"; sourceTree = "<group>"; };
		41F6A3586971A8E83394C367 /* Pods.debug.xcconfig */ = {isa = PBXFileReference; includeInIndex = 1; lastKnownFileType = text.xcconfig; name = Pods.debug.xcconfig; path = "Pods/Target Support Files/Pods/Pods.debug.xcconfig"; sourceTree = "<group>"; };
		8D4FDC0D1D05413D009B644A /* AmallVendor.app */ = {isa = PBXFileReference; explicitFileType = wrapper.application; includeInIndex = 0; path = AmallVendor.app; sourceTree = BUILT_PRODUCTS_DIR; };
		8D4FDC111D05413D009B644A /* main.m */ = {isa = PBXFileReference; lastKnownFileType = sourcecode.c.objc; path = main.m; sourceTree = "<group>"; };
		8D4FDC131D05413D009B644A /* AppDelegate.h */ = {isa = PBXFileReference; lastKnownFileType = sourcecode.c.h; path = AppDelegate.h; sourceTree = "<group>"; };
		8D4FDC141D05413D009B644A /* AppDelegate.m */ = {isa = PBXFileReference; lastKnownFileType = sourcecode.c.objc; path = AppDelegate.m; sourceTree = "<group>"; };
		8D4FDC161D05413D009B644A /* ViewController.h */ = {isa = PBXFileReference; lastKnownFileType = sourcecode.c.h; path = ViewController.h; sourceTree = "<group>"; };
		8D4FDC171D05413D009B644A /* ViewController.m */ = {isa = PBXFileReference; lastKnownFileType = sourcecode.c.objc; path = ViewController.m; sourceTree = "<group>"; };
		8D4FDC1A1D05413D009B644A /* Base */ = {isa = PBXFileReference; lastKnownFileType = file.storyboard; name = Base; path = Base.lproj/Main.storyboard; sourceTree = "<group>"; };
		8D4FDC1C1D05413D009B644A /* Assets.xcassets */ = {isa = PBXFileReference; lastKnownFileType = folder.assetcatalog; path = Assets.xcassets; sourceTree = "<group>"; };
		8D4FDC1F1D05413D009B644A /* Base */ = {isa = PBXFileReference; lastKnownFileType = file.storyboard; name = Base; path = Base.lproj/LaunchScreen.storyboard; sourceTree = "<group>"; };
		8D4FDC211D05413D009B644A /* Info.plist */ = {isa = PBXFileReference; lastKnownFileType = text.plist.xml; path = Info.plist; sourceTree = "<group>"; };
		8D4FDC261D05413D009B644A /* AmallVendorTests.xctest */ = {isa = PBXFileReference; explicitFileType = wrapper.cfbundle; includeInIndex = 0; path = AmallVendorTests.xctest; sourceTree = BUILT_PRODUCTS_DIR; };
		8D4FDC2A1D05413D009B644A /* AmallVendorTests.m */ = {isa = PBXFileReference; lastKnownFileType = sourcecode.c.objc; path = AmallVendorTests.m; sourceTree = "<group>"; };
		8D4FDC2C1D05413D009B644A /* Info.plist */ = {isa = PBXFileReference; lastKnownFileType = text.plist.xml; path = Info.plist; sourceTree = "<group>"; };
		8D4FDC311D05413D009B644A /* AmallVendorUITests.xctest */ = {isa = PBXFileReference; explicitFileType = wrapper.cfbundle; includeInIndex = 0; path = AmallVendorUITests.xctest; sourceTree = BUILT_PRODUCTS_DIR; };
		8D4FDC351D05413E009B644A /* AmallVendorUITests.m */ = {isa = PBXFileReference; lastKnownFileType = sourcecode.c.objc; path = AmallVendorUITests.m; sourceTree = "<group>"; };
		8D4FDC371D05413E009B644A /* Info.plist */ = {isa = PBXFileReference; lastKnownFileType = text.plist.xml; path = Info.plist; sourceTree = "<group>"; };
		D4BBE0780348D48B612CE2FD /* libPods.a */ = {isa = PBXFileReference; explicitFileType = archive.ar; includeInIndex = 0; path = libPods.a; sourceTree = BUILT_PRODUCTS_DIR; };
/* End PBXFileReference section */

/* Begin PBXFrameworksBuildPhase section */
		8D4FDC0A1D05413D009B644A /* Frameworks */ = {
			isa = PBXFrameworksBuildPhase;
			buildActionMask = 2147483647;
			files = (
				12C37D91F3AA5740BAFCDAA2 /* libPods.a in Frameworks */,
			);
			runOnlyForDeploymentPostprocessing = 0;
		};
		8D4FDC231D05413D009B644A /* Frameworks */ = {
			isa = PBXFrameworksBuildPhase;
			buildActionMask = 2147483647;
			files = (
			);
			runOnlyForDeploymentPostprocessing = 0;
		};
		8D4FDC2E1D05413D009B644A /* Frameworks */ = {
			isa = PBXFrameworksBuildPhase;
			buildActionMask = 2147483647;
			files = (
			);
			runOnlyForDeploymentPostprocessing = 0;
		};
/* End PBXFrameworksBuildPhase section */

/* Begin PBXGroup section */
		6571FB43F39913B3CE5CA61F /* Frameworks */ = {
			isa = PBXGroup;
			children = (
				D4BBE0780348D48B612CE2FD /* libPods.a */,
			);
			name = Frameworks;
			sourceTree = "<group>";
		};
		8D4FDC041D05413D009B644A = {
			isa = PBXGroup;
			children = (
				8D4FDC0F1D05413D009B644A /* AmallVendor */,
				8D4FDC291D05413D009B644A /* AmallVendorTests */,
				8D4FDC341D05413E009B644A /* AmallVendorUITests */,
				8D4FDC0E1D05413D009B644A /* Products */,
				D965CAEF7A23DCD8326E6C11 /* Pods */,
				6571FB43F39913B3CE5CA61F /* Frameworks */,
			);
			sourceTree = "<group>";
		};
		8D4FDC0E1D05413D009B644A /* Products */ = {
			isa = PBXGroup;
			children = (
				8D4FDC0D1D05413D009B644A /* AmallVendor.app */,
				8D4FDC261D05413D009B644A /* AmallVendorTests.xctest */,
				8D4FDC311D05413D009B644A /* AmallVendorUITests.xctest */,
			);
			name = Products;
			sourceTree = "<group>";
		};
		8D4FDC0F1D05413D009B644A /* AmallVendor */ = {
			isa = PBXGroup;
			children = (
				8D4FDC131D05413D009B644A /* AppDelegate.h */,
				8D4FDC141D05413D009B644A /* AppDelegate.m */,
				8D4FDC161D05413D009B644A /* ViewController.h */,
				8D4FDC171D05413D009B644A /* ViewController.m */,
				8D4FDC191D05413D009B644A /* Main.storyboard */,
				8D4FDC1C1D05413D009B644A /* Assets.xcassets */,
				8D4FDC1E1D05413D009B644A /* LaunchScreen.storyboard */,
				8D4FDC211D05413D009B644A /* Info.plist */,
				8D4FDC101D05413D009B644A /* Supporting Files */,
			);
			path = AmallVendor;
			sourceTree = "<group>";
		};
		8D4FDC101D05413D009B644A /* Supporting Files */ = {
			isa = PBXGroup;
			children = (
				8D4FDC111D05413D009B644A /* main.m */,
			);
			name = "Supporting Files";
			sourceTree = "<group>";
		};
		8D4FDC291D05413D009B644A /* AmallVendorTests */ = {
			isa = PBXGroup;
			children = (
				8D4FDC2A1D05413D009B644A /* AmallVendorTests.m */,
				8D4FDC2C1D05413D009B644A /* Info.plist */,
			);
			path = AmallVendorTests;
			sourceTree = "<group>";
		};
		8D4FDC341D05413E009B644A /* AmallVendorUITests */ = {
			isa = PBXGroup;
			children = (
				8D4FDC351D05413E009B644A /* AmallVendorUITests.m */,
				8D4FDC371D05413E009B644A /* Info.plist */,
			);
			path = AmallVendorUITests;
			sourceTree = "<group>";
		};
		D965CAEF7A23DCD8326E6C11 /* Pods */ = {
			isa = PBXGroup;
			children = (
				41F6A3586971A8E83394C367 /* Pods.debug.xcconfig */,
				237E01C875DD2557506BE487 /* Pods.release.xcconfig */,
			);
			name = Pods;
			sourceTree = "<group>";
		};
/* End PBXGroup section */

/* Begin PBXNativeTarget section */
		8D4FDC0C1D05413D009B644A /* AmallVendor */ = {
			isa = PBXNativeTarget;
			buildConfigurationList = 8D4FDC3A1D05413E009B644A /* Build configuration list for PBXNativeTarget "AmallVendor" */;
			buildPhases = (
				71F8C993F771BB46BEDB5878 /* Check Pods Manifest.lock */,
				8D4FDC091D05413D009B644A /* Sources */,
				8D4FDC0A1D05413D009B644A /* Frameworks */,
				8D4FDC0B1D05413D009B644A /* Resources */,
				E997A3E4BC2AA9E01E7D6ED7 /* Embed Pods Frameworks */,
				19C35EF1D57D6EE534BC2E5D /* Copy Pods Resources */,
			);
			buildRules = (
			);
			dependencies = (
			);
			name = AmallVendor;
			productName = AmallVendor;
			productReference = 8D4FDC0D1D05413D009B644A /* AmallVendor.app */;
			productType = "com.apple.product-type.application";
		};
		8D4FDC251D05413D009B644A /* AmallVendorTests */ = {
			isa = PBXNativeTarget;
			buildConfigurationList = 8D4FDC3D1D05413E009B644A /* Build configuration list for PBXNativeTarget "AmallVendorTests" */;
			buildPhases = (
				8D4FDC221D05413D009B644A /* Sources */,
				8D4FDC231D05413D009B644A /* Frameworks */,
				8D4FDC241D05413D009B644A /* Resources */,
			);
			buildRules = (
			);
			dependencies = (
				8D4FDC281D05413D009B644A /* PBXTargetDependency */,
			);
			name = AmallVendorTests;
			productName = AmallVendorTests;
			productReference = 8D4FDC261D05413D009B644A /* AmallVendorTests.xctest */;
			productType = "com.apple.product-type.bundle.unit-test";
		};
		8D4FDC301D05413D009B644A /* AmallVendorUITests */ = {
			isa = PBXNativeTarget;
			buildConfigurationList = 8D4FDC401D05413E009B644A /* Build configuration list for PBXNativeTarget "AmallVendorUITests" */;
			buildPhases = (
				8D4FDC2D1D05413D009B644A /* Sources */,
				8D4FDC2E1D05413D009B644A /* Frameworks */,
				8D4FDC2F1D05413D009B644A /* Resources */,
			);
			buildRules = (
			);
			dependencies = (
				8D4FDC331D05413D009B644A /* PBXTargetDependency */,
			);
			name = AmallVendorUITests;
			productName = AmallVendorUITests;
			productReference = 8D4FDC311D05413D009B644A /* AmallVendorUITests.xctest */;
			productType = "com.apple.product-type.bundle.ui-testing";
		};
/* End PBXNativeTarget section */

/* Begin PBXProject section */
		8D4FDC051D05413D009B644A /* Project object */ = {
			isa = PBXProject;
			attributes = {
				LastUpgradeCheck = 0720;
				ORGANIZATIONNAME = "李猛辉";
				TargetAttributes = {
					8D4FDC0C1D05413D009B644A = {
						CreatedOnToolsVersion = 7.2;
					};
					8D4FDC251D05413D009B644A = {
						CreatedOnToolsVersion = 7.2;
						TestTargetID = 8D4FDC0C1D05413D009B644A;
					};
					8D4FDC301D05413D009B644A = {
						CreatedOnToolsVersion = 7.2;
						TestTargetID = 8D4FDC0C1D05413D009B644A;
					};
				};
			};
			buildConfigurationList = 8D4FDC081D05413D009B644A /* Build configuration list for PBXProject "AmallVendor" */;
			compatibilityVersion = "Xcode 3.2";
			developmentRegion = English;
			hasScannedForEncodings = 0;
			knownRegions = (
				en,
				Base,
			);
			mainGroup = 8D4FDC041D05413D009B644A;
			productRefGroup = 8D4FDC0E1D05413D009B644A /* Products */;
			projectDirPath = "";
			projectRoot = "";
			targets = (
				8D4FDC0C1D05413D009B644A /* AmallVendor */,
				8D4FDC251D05413D009B644A /* AmallVendorTests */,
				8D4FDC301D05413D009B644A /* AmallVendorUITests */,
			);
		};
/* End PBXProject section */

/* Begin PBXResourcesBuildPhase section */
		8D4FDC0B1D05413D009B644A /* Resources */ = {
			isa = PBXResourcesBuildPhase;
			buildActionMask = 2147483647;
			files = (
				8D4FDC201D05413D009B644A /* LaunchScreen.storyboard in Resources */,
				8D4FDC1D1D05413D009B644A /* Assets.xcassets in Resources */,
				8D4FDC1B1D05413D009B644A /* Main.storyboard in Resources */,
			);
			runOnlyForDeploymentPostprocessing = 0;
		};
		8D4FDC241D05413D009B644A /* Resources */ = {
			isa = PBXResourcesBuildPhase;
			buildActionMask = 2147483647;
			files = (
			);
			runOnlyForDeploymentPostprocessing = 0;
		};
		8D4FDC2F1D05413D009B644A /* Resources */ = {
			isa = PBXResourcesBuildPhase;
			buildActionMask = 2147483647;
			files = (
			);
			runOnlyForDeploymentPostprocessing = 0;
		};
/* End PBXResourcesBuildPhase section */

/* Begin PBXShellScriptBuildPhase section */
		19C35EF1D57D6EE534BC2E5D /* Copy Pods Resources */ = {
			isa = PBXShellScriptBuildPhase;
			buildActionMask = 2147483647;
			files = (
			);
			inputPaths = (
			);
			name = "Copy Pods Resources";
			outputPaths = (
			);
			runOnlyForDeploymentPostprocessing = 0;
			shellPath = /bin/sh;
			shellScript = "\"${SRCROOT}/Pods/Target Support Files/Pods/Pods-resources.sh\"\n";
			showEnvVarsInLog = 0;
		};
		71F8C993F771BB46BEDB5878 /* Check Pods Manifest.lock */ = {
			isa = PBXShellScriptBuildPhase;
			buildActionMask = 2147483647;
			files = (
			);
			inputPaths = (
			);
			name = "Check Pods Manifest.lock";
			outputPaths = (
			);
			runOnlyForDeploymentPostprocessing = 0;
			shellPath = /bin/sh;
			shellScript = "diff \"${PODS_ROOT}/../Podfile.lock\" \"${PODS_ROOT}/Manifest.lock\" > /dev/null\nif [[ $? != 0 ]] ; then\n    cat << EOM\nerror: The sandbox is not in sync with the Podfile.lock. Run 'pod install' or update your CocoaPods installation.\nEOM\n    exit 1\nfi\n";
			showEnvVarsInLog = 0;
		};
		E997A3E4BC2AA9E01E7D6ED7 /* Embed Pods Frameworks */ = {
			isa = PBXShellScriptBuildPhase;
			buildActionMask = 2147483647;
			files = (
			);
			inputPaths = (
			);
			name = "Embed Pods Frameworks";
			outputPaths = (
			);
			runOnlyForDeploymentPostprocessing = 0;
			shellPath = /bin/sh;
			shellScript = "\"${SRCROOT}/Pods/Target Support Files/Pods/Pods-frameworks.sh\"\n";
			showEnvVarsInLog = 0;
		};
/* End PBXShellScriptBuildPhase section */

/* Begin PBXSourcesBuildPhase section */
		8D4FDC091D05413D009B644A /* Sources */ = {
			isa = PBXSourcesBuildPhase;
			buildActionMask = 2147483647;
			files = (
				8D4FDC181D05413D009B644A /* ViewController.m in Sources */,
				8D4FDC151D05413D009B644A /* AppDelegate.m in Sources */,
				8D4FDC121D05413D009B644A /* main.m in Sources */,
			);
			runOnlyForDeploymentPostprocessing = 0;
		};
		8D4FDC221D05413D009B644A /* Sources */ = {
			isa = PBXSourcesBuildPhase;
			buildActionMask = 2147483647;
			files = (
				8D4FDC2B1D05413D009B644A /* AmallVendorTests.m in Sources */,
			);
			runOnlyForDeploymentPostprocessing = 0;
		};
		8D4FDC2D1D05413D009B644A /* Sources */ = {
			isa = PBXSourcesBuildPhase;
			buildActionMask = 2147483647;
			files = (
				8D4FDC361D05413E009B644A /* AmallVendorUITests.m in Sources */,
			);
			runOnlyForDeploymentPostprocessing = 0;
		};
/* End PBXSourcesBuildPhase section */

/* Begin PBXTargetDependency section */
		8D4FDC281D05413D009B644A /* PBXTargetDependency */ = {
			isa = PBXTargetDependency;
			target = 8D4FDC0C1D05413D009B644A /* AmallVendor */;
			targetProxy = 8D4FDC271D05413D009B644A /* PBXContainerItemProxy */;
		};
		8D4FDC331D05413D009B644A /* PBXTargetDependency */ = {
			isa = PBXTargetDependency;
			target = 8D4FDC0C1D05413D009B644A /* AmallVendor */;
			targetProxy = 8D4FDC321D05413D009B644A /* PBXContainerItemProxy */;
		};
/* End PBXTargetDependency section */

/* Begin PBXVariantGroup section */
		8D4FDC191D05413D009B644A /* Main.storyboard */ = {
			isa = PBXVariantGroup;
			children = (
				8D4FDC1A1D05413D009B644A /* Base */,
			);
			name = Main.storyboard;
			sourceTree = "<group>";
		};
		8D4FDC1E1D05413D009B644A /* LaunchScreen.storyboard */ = {
			isa = PBXVariantGroup;
			children = (
				8D4FDC1F1D05413D009B644A /* Base */,
			);
			name = LaunchScreen.storyboard;
			sourceTree = "<group>";
		};
/* End PBXVariantGroup section */

/* Begin XCBuildConfiguration section */
		8D4FDC381D05413E009B644A /* Debug */ = {
			isa = XCBuildConfiguration;
			buildSettings = {
				ALWAYS_SEARCH_USER_PATHS = NO;
				CLANG_CXX_LANGUAGE_STANDARD = "gnu++0x";
				CLANG_CXX_LIBRARY = "libc++";
				CLANG_ENABLE_MODULES = YES;
				CLANG_ENABLE_OBJC_ARC = YES;
				CLANG_WARN_BOOL_CONVERSION = YES;
				CLANG_WARN_CONSTANT_CONVERSION = YES;
				CLANG_WARN_DIRECT_OBJC_ISA_USAGE = YES_ERROR;
				CLANG_WARN_EMPTY_BODY = YES;
				CLANG_WARN_ENUM_CONVERSION = YES;
				CLANG_WARN_INT_CONVERSION = YES;
				CLANG_WARN_OBJC_ROOT_CLASS = YES_ERROR;
				CLANG_WARN_UNREACHABLE_CODE = YES;
				CLANG_WARN__DUPLICATE_METHOD_MATCH = YES;
				"CODE_SIGN_IDENTITY[sdk=iphoneos*]" = "iPhone Developer";
				COPY_PHASE_STRIP = NO;
				DEBUG_INFORMATION_FORMAT = dwarf;
				ENABLE_STRICT_OBJC_MSGSEND = YES;
				ENABLE_TESTABILITY = YES;
				GCC_C_LANGUAGE_STANDARD = gnu99;
				GCC_DYNAMIC_NO_PIC = NO;
				GCC_NO_COMMON_BLOCKS = YES;
				GCC_OPTIMIZATION_LEVEL = 0;
				GCC_PREPROCESSOR_DEFINITIONS = (
					"DEBUG=1",
					"$(inherited)",
				);
				GCC_WARN_64_TO_32_BIT_CONVERSION = YES;
				GCC_WARN_ABOUT_RETURN_TYPE = YES_ERROR;
				GCC_WARN_UNDECLARED_SELECTOR = YES;
				GCC_WARN_UNINITIALIZED_AUTOS = YES_AGGRESSIVE;
				GCC_WARN_UNUSED_FUNCTION = YES;
				GCC_WARN_UNUSED_VARIABLE = YES;
				IPHONEOS_DEPLOYMENT_TARGET = 9.2;
				MTL_ENABLE_DEBUG_INFO = YES;
				ONLY_ACTIVE_ARCH = YES;
				SDKROOT = iphoneos;
				TARGETED_DEVICE_FAMILY = "1,2";
			};
			name = Debug;
		};
		8D4FDC391D05413E009B644A /* Release */ = {
			isa = XCBuildConfiguration;
			buildSettings = {
				ALWAYS_SEARCH_USER_PATHS = NO;
				CLANG_CXX_LANGUAGE_STANDARD = "gnu++0x";
				CLANG_CXX_LIBRARY = "libc++";
				CLANG_ENABLE_MODULES = YES;
				CLANG_ENABLE_OBJC_ARC = YES;
				CLANG_WARN_BOOL_CONVERSION = YES;
				CLANG_WARN_CONSTANT_CONVERSION = YES;
				CLANG_WARN_DIRECT_OBJC_ISA_USAGE = YES_ERROR;
				CLANG_WARN_EMPTY_BODY = YES;
				CLANG_WARN_ENUM_CONVERSION = YES;
				CLANG_WARN_INT_CONVERSION = YES;
				CLANG_WARN_OBJC_ROOT_CLASS = YES_ERROR;
				CLANG_WARN_UNREACHABLE_CODE = YES;
				CLANG_WARN__DUPLICATE_METHOD_MATCH = YES;
				"CODE_SIGN_IDENTITY[sdk=iphoneos*]" = "iPhone Developer";
				COPY_PHASE_STRIP = NO;
				DEBUG_INFORMATION_FORMAT = "dwarf-with-dsym";
				ENABLE_NS_ASSERTIONS = NO;
				ENABLE_STRICT_OBJC_MSGSEND = YES;
				GCC_C_LANGUAGE_STANDARD = gnu99;
				GCC_NO_COMMON_BLOCKS = YES;
				GCC_WARN_64_TO_32_BIT_CONVERSION = YES;
				GCC_WARN_ABOUT_RETURN_TYPE = YES_ERROR;
				GCC_WARN_UNDECLARED_SELECTOR = YES;
				GCC_WARN_UNINITIALIZED_AUTOS = YES_AGGRESSIVE;
				GCC_WARN_UNUSED_FUNCTION = YES;
				GCC_WARN_UNUSED_VARIABLE = YES;
				IPHONEOS_DEPLOYMENT_TARGET = 9.2;
				MTL_ENABLE_DEBUG_INFO = NO;
				SDKROOT = iphoneos;
				TARGETED_DEVICE_FAMILY = "1,2";
				VALIDATE_PRODUCT = YES;
			};
			name = Release;
		};
		8D4FDC3B1D05413E009B644A /* Debug */ = {
			isa = XCBuildConfiguration;
			baseConfigurationReference = 41F6A3586971A8E83394C367 /* Pods.debug.xcconfig */;
			buildSettings = {
				ASSETCATALOG_COMPILER_APPICON_NAME = AppIcon;
				INFOPLIST_FILE = AmallVendor/Info.plist;
				LD_RUNPATH_SEARCH_PATHS = "$(inherited) @executable_path/Frameworks";
				PRODUCT_BUNDLE_IDENTIFIER = com.Amall.www.AmallVendor;
				PRODUCT_NAME = "$(TARGET_NAME)";
			};
			name = Debug;
		};
		8D4FDC3C1D05413E009B644A /* Release */ = {
			isa = XCBuildConfiguration;
			baseConfigurationReference = 237E01C875DD2557506BE487 /* Pods.release.xcconfig */;
			buildSettings = {
				ASSETCATALOG_COMPILER_APPICON_NAME = AppIcon;
				INFOPLIST_FILE = AmallVendor/Info.plist;
				LD_RUNPATH_SEARCH_PATHS = "$(inherited) @executable_path/Frameworks";
				PRODUCT_BUNDLE_IDENTIFIER = com.Amall.www.AmallVendor;
				PRODUCT_NAME = "$(TARGET_NAME)";
			};
			name = Release;
		};
		8D4FDC3E1D05413E009B644A /* Debug */ = {
			isa = XCBuildConfiguration;
			buildSettings = {
				BUNDLE_LOADER = "$(TEST_HOST)";
				INFOPLIST_FILE = AmallVendorTests/Info.plist;
				LD_RUNPATH_SEARCH_PATHS = "$(inherited) @executable_path/Frameworks @loader_path/Frameworks";
				PRODUCT_BUNDLE_IDENTIFIER = com.Amall.www.AmallVendorTests;
				PRODUCT_NAME = "$(TARGET_NAME)";
				TEST_HOST = "$(BUILT_PRODUCTS_DIR)/AmallVendor.app/AmallVendor";
			};
			name = Debug;
		};
		8D4FDC3F1D05413E009B644A /* Release */ = {
			isa = XCBuildConfiguration;
			buildSettings = {
				BUNDLE_LOADER = "$(TEST_HOST)";
				INFOPLIST_FILE = AmallVendorTests/Info.plist;
				LD_RUNPATH_SEARCH_PATHS = "$(inherited) @executable_path/Frameworks @loader_path/Frameworks";
				PRODUCT_BUNDLE_IDENTIFIER = com.Amall.www.AmallVendorTests;
				PRODUCT_NAME = "$(TARGET_NAME)";
				TEST_HOST = "$(BUILT_PRODUCTS_DIR)/AmallVendor.app/AmallVendor";
			};
			name = Release;
		};
		8D4FDC411D05413E009B644A /* Debug */ = {
			isa = XCBuildConfiguration;
			buildSettings = {
				INFOPLIST_FILE = AmallVendorUITests/Info.plist;
				LD_RUNPATH_SEARCH_PATHS = "$(inherited) @executable_path/Frameworks @loader_path/Frameworks";
				PRODUCT_BUNDLE_IDENTIFIER = com.Amall.www.AmallVendorUITests;
				PRODUCT_NAME = "$(TARGET_NAME)";
				TEST_TARGET_NAME = AmallVendor;
				USES_XCTRUNNER = YES;
			};
			name = Debug;
		};
		8D4FDC421D05413E009B644A /* Release */ = {
			isa = XCBuildConfiguration;
			buildSettings = {
				INFOPLIST_FILE = AmallVendorUITests/Info.plist;
				LD_RUNPATH_SEARCH_PATHS = "$(inherited) @executable_path/Frameworks @loader_path/Frameworks";
				PRODUCT_BUNDLE_IDENTIFIER = com.Amall.www.AmallVendorUITests;
				PRODUCT_NAME = "$(TARGET_NAME)";
				TEST_TARGET_NAME = AmallVendor;
				USES_XCTRUNNER = YES;
			};
			name = Release;
		};
/* End XCBuildConfiguration section */

/* Begin XCConfigurationList section */
		8D4FDC081D05413D009B644A /* Build configuration list for PBXProject "AmallVendor" */ = {
			isa = XCConfigurationList;
			buildConfigurations = (
				8D4FDC381D05413E009B644A /* Debug */,
				8D4FDC391D05413E009B644A /* Release */,
			);
			defaultConfigurationIsVisible = 0;
			defaultConfigurationName = Release;
		};
		8D4FDC3A1D05413E009B644A /* Build configuration list for PBXNativeTarget "AmallVendor" */ = {
			isa = XCConfigurationList;
			buildConfigurations = (
				8D4FDC3B1D05413E009B644A /* Debug */,
				8D4FDC3C1D05413E009B644A /* Release */,
			);
			defaultConfigurationIsVisible = 0;
			defaultConfigurationName = Release;
		};
		8D4FDC3D1D05413E009B644A /* Build configuration list for PBXNativeTarget "AmallVendorTests" */ = {
			isa = XCConfigurationList;
			buildConfigurations = (
				8D4FDC3E1D05413E009B644A /* Debug */,
				8D4FDC3F1D05413E009B644A /* Release */,
			);
			defaultConfigurationIsVisible = 0;
			defaultConfigurationName = Release;
		};
		8D4FDC401D05413E009B644A /* Build configuration list for PBXNativeTarget "AmallVendorUITests" */ = {
			isa = XCConfigurationList;
			buildConfigurations = (
				8D4FDC411D05413E009B644A /* Debug */,
				8D4FDC421D05413E009B644A /* Release */,
			);
			defaultConfigurationIsVisible = 0;
			defaultConfigurationName = Release;
		};
/* End XCConfigurationList section */
	};
	rootObject = 8D4FDC051D05413D009B644A /* Project object */;
}
